<?xml version="1.0" encoding="UTF-8" standalone="yes" ?>
<CodeBlocks_project_file>
	<FileVersion major="1" minor="6" />
	<Project>
		<Option title="SF2DEngine" />
		<Option pch_mode="2" />
		<Option compiler="gnu_gcc_compiler_53_mingw-64_x86__sfml_24_custom" />
		<Build>
			<Target title="Debug Windows">
				<Option output="bin/Debug/SF2DEngine" prefix_auto="1" extension_auto="1" />
				<Option object_output="obj/Debug/" />
				<Option type="1" />
				<Option compiler="gnu_gcc_compiler_53_mingw-64_x86__sfml_24_custom_debug" />
				<Compiler>
					<Add option="-std=c++11" />
					<Add option="-pg" />
					<Add option="-g" />
					<Add option="-DWINDOWS_VERSION" />
					<Add option="-DDEBUG_BUILD" />
					<Add directory="game/" />
					<Add directory="src/plugin/memory" />
				</Compiler>
				<Linker>
					<Add option="-static" />
					<Add option="-pg -lgmon" />
				</Linker>
				<MakeCommands>
					<Build command="" />
					<CompileFile command="" />
					<Clean command="" />
					<DistClean command="" />
					<AskRebuildNeeded command="" />
					<SilentBuild command=" &gt; $(CMD_NULL)" />
				</MakeCommands>
			</Target>
			<Target title="Release Windows">
				<Option output="bin/Release/SF2DEngine" prefix_auto="1" extension_auto="1" />
				<Option object_output="obj/Release/" />
				<Option type="0" />
				<Option compiler="gnu_gcc_compiler_53_mingw-64_x86__sfml_24_custom" />
				<Compiler>
					<Add option="-Os" />
					<Add option="-std=c++11" />
					<Add option="-DWINDOWS_VERSION" />
					<Add directory="game/" />
					<Add directory="src/plugin/memory" />
				</Compiler>
				<Linker>
					<Add option="-s" />
					<Add option="-static" />
				</Linker>
			</Target>
			<Target title="Test Windows">
				<Option output="bin/Test/SF2DEngine" prefix_auto="1" extension_auto="1" />
				<Option object_output="obj/Test/" />
				<Option type="1" />
				<Option compiler="gnu_gcc_compiler_53_mingw-64_x86__sfml_24_custom" />
				<Option use_console_runner="0" />
				<Compiler>
					<Add option="-Os" />
					<Add option="-std=c++11" />
					<Add option="-DWINDOWS_VERSION" />
					<Add option="-DDEBUG_BUILD" />
					<Add directory="game/" />
					<Add directory="src/plugin/memory" />
				</Compiler>
				<Linker>
					<Add option="-s" />
					<Add option="-static" />
				</Linker>
			</Target>
			<Target title="Editor Map Windows">
				<Option output="SF2DEngine" prefix_auto="1" extension_auto="1" />
				<Option object_output="obj/Editor_Map/" />
				<Option type="1" />
				<Option compiler="gnu_gcc_compiler_53_mingw-64_x86__sfml_24_custom" />
				<Option use_console_runner="0" />
				<Compiler>
					<Add option="-O2" />
					<Add option="-std=c++11" />
					<Add option="-DWINDOWS_VERSION" />
				</Compiler>
				<Linker>
					<Add option="-s" />
					<Add option="-static" />
					<Add library="libcomdlg32.a" />
				</Linker>
			</Target>
			<Target title="Editor File Windows">
				<Option output="SF2DEngine" prefix_auto="1" extension_auto="1" />
				<Option object_output="obj/Editor_File/" />
				<Option type="0" />
				<Option compiler="gnu_gcc_compiler__wxwidget_28" />
				<Compiler>
					<Add option="-O2" />
					<Add option="-DWINDOWS_VERSION" />
				</Compiler>
				<Linker>
					<Add option="-s" />
				</Linker>
			</Target>
			<Target title="Pack Builder Windows">
				<Option output="SF2DEngine" prefix_auto="1" extension_auto="1" />
				<Option object_output="obj/Pack_Builder/" />
				<Option type="0" />
				<Option compiler="gnu_gcc_compiler_53_mingw-64_x86" />
				<Compiler>
					<Add option="-O2" />
					<Add option="-DWINDOWS_VERSION" />
					<Add option="-DPACK_BUILDER_BUILD" />
					<Add option="-DNOT_WSTRING" />
				</Compiler>
				<Linker>
					<Add option="-s" />
				</Linker>
			</Target>
		</Build>
		<Compiler>
			<Add option="-Wall" />
			<Add option="-fexceptions" />
		</Compiler>
		<Unit filename="src/builder_datapack/main.cpp">
			<Option target="Pack Builder Windows" />
		</Unit>
		<Unit filename="src/editor_file/editor.cpp">
			<Option target="Editor File Windows" />
		</Unit>
		<Unit filename="src/editor_file/editor.hpp">
			<Option target="Editor File Windows" />
		</Unit>
		<Unit filename="src/editor_file/editor_app.cpp">
			<Option target="Editor File Windows" />
		</Unit>
		<Unit filename="src/editor_file/editor_app.hpp">
			<Option target="Editor File Windows" />
		</Unit>
		<Unit filename="src/editor_map/mapeditor.cpp">
			<Option target="Editor Map Windows" />
		</Unit>
		<Unit filename="src/editor_map/mapeditor.hpp">
			<Option target="Editor Map Windows" />
		</Unit>
		<Unit filename="src/engine.cpp">
			<Option target="Debug Windows" />
			<Option target="Release Windows" />
			<Option target="Test Windows" />
		</Unit>
		<Unit filename="src/engine.hpp">
			<Option target="Debug Windows" />
			<Option target="Release Windows" />
			<Option target="Test Windows" />
		</Unit>
		<Unit filename="src/game/alarm.cpp">
			<Option target="Debug Windows" />
			<Option target="Release Windows" />
			<Option target="Test Windows" />
		</Unit>
		<Unit filename="src/game/alarm.hpp">
			<Option target="Debug Windows" />
			<Option target="Release Windows" />
			<Option target="Test Windows" />
		</Unit>
		<Unit filename="src/game/component.cpp">
			<Option target="Debug Windows" />
			<Option target="Release Windows" />
			<Option target="Test Windows" />
		</Unit>
		<Unit filename="src/game/component.hpp">
			<Option target="Debug Windows" />
			<Option target="Release Windows" />
			<Option target="Test Windows" />
		</Unit>
		<Unit filename="src/game/data.cpp">
			<Option target="Debug Windows" />
			<Option target="Release Windows" />
			<Option target="Test Windows" />
			<Option target="Editor Map Windows" />
		</Unit>
		<Unit filename="src/game/data.hpp">
			<Option target="Debug Windows" />
			<Option target="Release Windows" />
			<Option target="Test Windows" />
			<Option target="Editor Map Windows" />
		</Unit>
		<Unit filename="src/game/engine.cpp">
			<Option target="Debug Windows" />
			<Option target="Release Windows" />
			<Option target="Test Windows" />
		</Unit>
		<Unit filename="src/game/entity.cpp">
			<Option target="Debug Windows" />
			<Option target="Release Windows" />
			<Option target="Test Windows" />
		</Unit>
		<Unit filename="src/game/entity.hpp">
			<Option target="Debug Windows" />
			<Option target="Release Windows" />
			<Option target="Test Windows" />
		</Unit>
		<Unit filename="src/game/hud.cpp">
			<Option target="Debug Windows" />
			<Option target="Release Windows" />
			<Option target="Test Windows" />
		</Unit>
		<Unit filename="src/game/hud.hpp">
			<Option target="Debug Windows" />
			<Option target="Release Windows" />
			<Option target="Test Windows" />
		</Unit>
		<Unit filename="src/game/map.cpp">
			<Option target="Debug Windows" />
			<Option target="Release Windows" />
			<Option target="Test Windows" />
		</Unit>
		<Unit filename="src/game/map.hpp">
			<Option target="Debug Windows" />
			<Option target="Release Windows" />
			<Option target="Test Windows" />
		</Unit>
		<Unit filename="src/game/menu.cpp">
			<Option target="Debug Windows" />
			<Option target="Release Windows" />
			<Option target="Test Windows" />
		</Unit>
		<Unit filename="src/game/menu.hpp">
			<Option target="Debug Windows" />
			<Option target="Release Windows" />
			<Option target="Test Windows" />
		</Unit>
		<Unit filename="src/game/thread.cpp">
			<Option target="Debug Windows" />
			<Option target="Release Windows" />
			<Option target="Test Windows" />
		</Unit>
		<Unit filename="src/game/thread.hpp">
			<Option target="Debug Windows" />
			<Option target="Release Windows" />
			<Option target="Test Windows" />
		</Unit>
		<Unit filename="src/game/variable.cpp">
			<Option target="Debug Windows" />
			<Option target="Release Windows" />
			<Option target="Test Windows" />
		</Unit>
		<Unit filename="src/game/variable.hpp">
			<Option target="Debug Windows" />
			<Option target="Release Windows" />
			<Option target="Test Windows" />
		</Unit>
		<Unit filename="src/main.cpp">
			<Option target="Debug Windows" />
			<Option target="Release Windows" />
			<Option target="Test Windows" />
		</Unit>
		<Unit filename="src/mlib/mcrypto.cpp">
			<Option target="Debug Windows" />
			<Option target="Release Windows" />
			<Option target="Test Windows" />
			<Option target="Pack Builder Windows" />
		</Unit>
		<Unit filename="src/mlib/mcrypto.hpp">
			<Option target="Debug Windows" />
			<Option target="Release Windows" />
			<Option target="Test Windows" />
			<Option target="Pack Builder Windows" />
		</Unit>
		<Unit filename="src/mlib/mlib.cpp" />
		<Unit filename="src/mlib/mlib.hpp" />
		<Unit filename="src/mlib/mload.cpp">
			<Option target="Debug Windows" />
			<Option target="Release Windows" />
			<Option target="Test Windows" />
		</Unit>
		<Unit filename="src/mlib/mload.hpp">
			<Option target="Debug Windows" />
			<Option target="Release Windows" />
			<Option target="Test Windows" />
		</Unit>
		<Unit filename="src/mlib/mrand.cpp">
			<Option target="Debug Windows" />
			<Option target="Release Windows" />
			<Option target="Test Windows" />
			<Option target="Pack Builder Windows" />
		</Unit>
		<Unit filename="src/mlib/mrand.hpp">
			<Option target="Debug Windows" />
			<Option target="Release Windows" />
			<Option target="Test Windows" />
			<Option target="Pack Builder Windows" />
		</Unit>
		<Unit filename="src/plugin/drawable/animatedsprite.cpp">
			<Option target="Debug Windows" />
			<Option target="Release Windows" />
			<Option target="Test Windows" />
		</Unit>
		<Unit filename="src/plugin/drawable/animatedsprite.hpp">
			<Option target="Debug Windows" />
			<Option target="Release Windows" />
			<Option target="Test Windows" />
		</Unit>
		<Unit filename="src/plugin/drawable/gametext.cpp">
			<Option target="Debug Windows" />
			<Option target="Release Windows" />
			<Option target="Test Windows" />
		</Unit>
		<Unit filename="src/plugin/drawable/gametext.hpp">
			<Option target="Debug Windows" />
			<Option target="Release Windows" />
			<Option target="Test Windows" />
		</Unit>
		<Unit filename="src/plugin/drawable/mdrawable.cpp">
			<Option target="Debug Windows" />
			<Option target="Release Windows" />
			<Option target="Test Windows" />
		</Unit>
		<Unit filename="src/plugin/drawable/mdrawable.hpp">
			<Option target="Debug Windows" />
			<Option target="Release Windows" />
			<Option target="Test Windows" />
		</Unit>
		<Unit filename="src/plugin/drawable/richtext.cpp">
			<Option target="Debug Windows" />
			<Option target="Release Windows" />
			<Option target="Test Windows" />
		</Unit>
		<Unit filename="src/plugin/drawable/richtext.hpp">
			<Option target="Debug Windows" />
			<Option target="Release Windows" />
			<Option target="Test Windows" />
		</Unit>
		<Unit filename="src/plugin/file/filesystem.cpp">
			<Option target="Debug Windows" />
			<Option target="Release Windows" />
			<Option target="Test Windows" />
			<Option target="Pack Builder Windows" />
		</Unit>
		<Unit filename="src/plugin/file/filesystem.hpp">
			<Option target="Debug Windows" />
			<Option target="Release Windows" />
			<Option target="Test Windows" />
			<Option target="Pack Builder Windows" />
		</Unit>
		<Unit filename="src/plugin/file/inifile.cpp">
			<Option target="Debug Windows" />
			<Option target="Release Windows" />
			<Option target="Test Windows" />
		</Unit>
		<Unit filename="src/plugin/file/inifile.hpp">
			<Option target="Debug Windows" />
			<Option target="Release Windows" />
			<Option target="Test Windows" />
		</Unit>
		<Unit filename="src/plugin/file/lang.cpp">
			<Option target="Debug Windows" />
			<Option target="Release Windows" />
			<Option target="Test Windows" />
		</Unit>
		<Unit filename="src/plugin/file/lang.hpp">
			<Option target="Debug Windows" />
			<Option target="Release Windows" />
			<Option target="Test Windows" />
		</Unit>
		<Unit filename="src/plugin/file/save.cpp">
			<Option target="Debug Windows" />
			<Option target="Release Windows" />
			<Option target="Test Windows" />
		</Unit>
		<Unit filename="src/plugin/file/save.hpp">
			<Option target="Debug Windows" />
			<Option target="Release Windows" />
			<Option target="Test Windows" />
		</Unit>
		<Unit filename="src/plugin/game/component.cpp">
			<Option target="Debug Windows" />
			<Option target="Release Windows" />
			<Option target="Test Windows" />
		</Unit>
		<Unit filename="src/plugin/game/component.hpp">
			<Option target="Debug Windows" />
			<Option target="Release Windows" />
			<Option target="Test Windows" />
		</Unit>
		<Unit filename="src/plugin/game/entity.cpp">
			<Option target="Debug Windows" />
			<Option target="Release Windows" />
			<Option target="Test Windows" />
		</Unit>
		<Unit filename="src/plugin/game/entity.hpp">
			<Option target="Debug Windows" />
			<Option target="Release Windows" />
			<Option target="Test Windows" />
		</Unit>
		<Unit filename="src/plugin/game/map.cpp">
			<Option target="Debug Windows" />
			<Option target="Release Windows" />
			<Option target="Test Windows" />
		</Unit>
		<Unit filename="src/plugin/game/map.hpp">
			<Option target="Debug Windows" />
			<Option target="Release Windows" />
			<Option target="Test Windows" />
		</Unit>
		<Unit filename="src/plugin/game/menu.cpp">
			<Option target="Debug Windows" />
			<Option target="Release Windows" />
			<Option target="Test Windows" />
		</Unit>
		<Unit filename="src/plugin/game/menu.hpp">
			<Option target="Debug Windows" />
			<Option target="Release Windows" />
			<Option target="Test Windows" />
		</Unit>
		<Unit filename="src/plugin/memory/managerfont.cpp">
			<Option target="Debug Windows" />
			<Option target="Release Windows" />
			<Option target="Test Windows" />
		</Unit>
		<Unit filename="src/plugin/memory/managerfont.hpp">
			<Option target="Debug Windows" />
			<Option target="Release Windows" />
			<Option target="Test Windows" />
		</Unit>
		<Unit filename="src/plugin/memory/managerlang.cpp">
			<Option target="Debug Windows" />
			<Option target="Release Windows" />
			<Option target="Test Windows" />
		</Unit>
		<Unit filename="src/plugin/memory/managerlang.hpp">
			<Option target="Debug Windows" />
			<Option target="Release Windows" />
			<Option target="Test Windows" />
		</Unit>
		<Unit filename="src/plugin/memory/managermenu.cpp">
			<Option target="Debug Windows" />
			<Option target="Release Windows" />
			<Option target="Test Windows" />
		</Unit>
		<Unit filename="src/plugin/memory/managermenu.hpp">
			<Option target="Debug Windows" />
			<Option target="Release Windows" />
			<Option target="Test Windows" />
		</Unit>
		<Unit filename="src/plugin/memory/managermusic.cpp">
			<Option target="Debug Windows" />
			<Option target="Release Windows" />
			<Option target="Test Windows" />
		</Unit>
		<Unit filename="src/plugin/memory/managermusic.hpp">
			<Option target="Debug Windows" />
			<Option target="Release Windows" />
			<Option target="Test Windows" />
		</Unit>
		<Unit filename="src/plugin/memory/managershader.cpp">
			<Option target="Debug Windows" />
			<Option target="Release Windows" />
			<Option target="Test Windows" />
		</Unit>
		<Unit filename="src/plugin/memory/managershader.hpp">
			<Option target="Debug Windows" />
			<Option target="Release Windows" />
			<Option target="Test Windows" />
		</Unit>
		<Unit filename="src/plugin/memory/managersound.cpp">
			<Option target="Debug Windows" />
			<Option target="Release Windows" />
			<Option target="Test Windows" />
		</Unit>
		<Unit filename="src/plugin/memory/managersound.hpp">
			<Option target="Debug Windows" />
			<Option target="Release Windows" />
			<Option target="Test Windows" />
		</Unit>
		<Unit filename="src/plugin/memory/managertexture.cpp">
			<Option target="Debug Windows" />
			<Option target="Release Windows" />
			<Option target="Test Windows" />
		</Unit>
		<Unit filename="src/plugin/memory/managertexture.hpp">
			<Option target="Debug Windows" />
			<Option target="Release Windows" />
			<Option target="Test Windows" />
		</Unit>
		<Unit filename="src/plugin/memory/managerthread.cpp">
			<Option target="Debug Windows" />
			<Option target="Release Windows" />
			<Option target="Test Windows" />
		</Unit>
		<Unit filename="src/plugin/memory/managerthread.hpp">
			<Option target="Debug Windows" />
			<Option target="Release Windows" />
			<Option target="Test Windows" />
		</Unit>
		<Unit filename="src/plugin/system/alarm.cpp">
			<Option target="Debug Windows" />
			<Option target="Release Windows" />
			<Option target="Test Windows" />
		</Unit>
		<Unit filename="src/plugin/system/alarm.hpp">
			<Option target="Debug Windows" />
			<Option target="Release Windows" />
			<Option target="Test Windows" />
		</Unit>
		<Unit filename="src/plugin/system/input.cpp">
			<Option target="Debug Windows" />
			<Option target="Release Windows" />
			<Option target="Test Windows" />
		</Unit>
		<Unit filename="src/plugin/system/input.hpp">
			<Option target="Debug Windows" />
			<Option target="Release Windows" />
			<Option target="Test Windows" />
		</Unit>
		<Unit filename="src/plugin/system/music.cpp">
			<Option target="Debug Windows" />
			<Option target="Release Windows" />
			<Option target="Test Windows" />
		</Unit>
		<Unit filename="src/plugin/system/music.hpp">
			<Option target="Debug Windows" />
			<Option target="Release Windows" />
			<Option target="Test Windows" />
		</Unit>
		<Unit filename="src/plugin/system/network.cpp">
			<Option target="Debug Windows" />
			<Option target="Release Windows" />
			<Option target="Test Windows" />
		</Unit>
		<Unit filename="src/plugin/system/network.hpp">
			<Option target="Debug Windows" />
			<Option target="Release Windows" />
			<Option target="Test Windows" />
		</Unit>
		<Unit filename="src/resources.rc">
			<Option compilerVar="WINDRES" />
			<Option target="Debug Windows" />
			<Option target="Release Windows" />
			<Option target="Test Windows" />
		</Unit>
		<Unit filename="src/usermessage.cpp">
			<Option target="Debug Windows" />
			<Option target="Release Windows" />
			<Option target="Test Windows" />
		</Unit>
		<Unit filename="src/usermessage.hpp">
			<Option target="Debug Windows" />
			<Option target="Release Windows" />
			<Option target="Test Windows" />
		</Unit>
		<Unit filename="src/version.h">
			<Option target="Debug Windows" />
			<Option target="Release Windows" />
			<Option target="Test Windows" />
			<Option target="Editor Map Windows" />
			<Option target="Editor File Windows" />
		</Unit>
		<Extensions>
			<code_completion />
			<envvars />
			<debugger />
			<lib_finder disable_auto="1" />
			<AutoVersioning>
				<Scheme minor_max="10" build_max="0" rev_max="0" rev_rand_max="10" build_times_to_increment_minor="100" />
				<Settings autoincrement="1" date_declarations="1" use_define="0" update_manifest="1" do_auto_increment="0" ask_to_increment="0" language="C++" svn="0" svn_directory="" header_path="src\version.h" />
				<Changes_Log show_changes_editor="0" app_title="released version %M.%m.%b of %p" changeslog_path="ChangesLog.txt" />
				<Code header_guard="VERSION_H" namespace="AutoVersion" prefix="" />
			</AutoVersioning>
		</Extensions>
	</Project>
</CodeBlocks_project_file>
